// !$*UTF8*$!
{
	archiveVersion = 1;
	classes = {
	};
	objectVersion = 56;
	objects = {

/* Begin PBXBuildFile section */
		2F2B89372927638E00195112 /* SourceDataModel.swift in Sources */ = {isa = PBXBuildFile; fileRef = 2F2B89362927638E00195112 /* SourceDataModel.swift */; };
		2F2B89392927643A00195112 /* SourceModel.swift in Sources */ = {isa = PBXBuildFile; fileRef = 2F2B89382927643A00195112 /* SourceModel.swift */; };
		2F2B893B292765D700195112 /* SourceViewController.swift in Sources */ = {isa = PBXBuildFile; fileRef = 2F2B893A292765D700195112 /* SourceViewController.swift */; };
		2F2B893D2927677F00195112 /* SourceViewCell.swift in Sources */ = {isa = PBXBuildFile; fileRef = 2F2B893C2927677F00195112 /* SourceViewCell.swift */; };
		2FC80E6C29234B0A008FE260 /* AppDelegate.swift in Sources */ = {isa = PBXBuildFile; fileRef = 2FC80E6B29234B0A008FE260 /* AppDelegate.swift */; };
		2FC80E6E29234B0A008FE260 /* SceneDelegate.swift in Sources */ = {isa = PBXBuildFile; fileRef = 2FC80E6D29234B0A008FE260 /* SceneDelegate.swift */; };
		2FC80E7029234B0A008FE260 /* HomeScreenView.swift in Sources */ = {isa = PBXBuildFile; fileRef = 2FC80E6F29234B0A008FE260 /* HomeScreenView.swift */; };
		2FC80E7529234B0B008FE260 /* Assets.xcassets in Resources */ = {isa = PBXBuildFile; fileRef = 2FC80E7429234B0B008FE260 /* Assets.xcassets */; };
		2FC80E83292365B0008FE260 /* hexToRgb.swift in Sources */ = {isa = PBXBuildFile; fileRef = 2FC80E82292365B0008FE260 /* hexToRgb.swift */; };
		2FC80E8529236D82008FE260 /* LocationViewController.swift in Sources */ = {isa = PBXBuildFile; fileRef = 2FC80E8429236D82008FE260 /* LocationViewController.swift */; };
		2FC80E8729236DCF008FE260 /* NewsViewController.swift in Sources */ = {isa = PBXBuildFile; fileRef = 2FC80E8629236DCF008FE260 /* NewsViewController.swift */; };
		2FC80E8929236DEB008FE260 /* TabBarController.swift in Sources */ = {isa = PBXBuildFile; fileRef = 2FC80E8829236DEB008FE260 /* TabBarController.swift */; };
		2FC80E8B2924DF28008FE260 /* HeadlinesViewController.swift in Sources */ = {isa = PBXBuildFile; fileRef = 2FC80E8A2924DF28008FE260 /* HeadlinesViewController.swift */; };
		2FC80E8D2924F52E008FE260 /* ArticleModel.swift in Sources */ = {isa = PBXBuildFile; fileRef = 2FC80E8C2924F52E008FE260 /* ArticleModel.swift */; };
		2FC80E8F2925FD90008FE260 /* NewsDataModel.swift in Sources */ = {isa = PBXBuildFile; fileRef = 2FC80E8E2925FD90008FE260 /* NewsDataModel.swift */; };
		2FC80E9129261609008FE260 /* HeadlinesDataModel.swift in Sources */ = {isa = PBXBuildFile; fileRef = 2FC80E9029261609008FE260 /* HeadlinesDataModel.swift */; };
		2FC80E9329261854008FE260 /* Constants.swift in Sources */ = {isa = PBXBuildFile; fileRef = 2FC80E9229261854008FE260 /* Constants.swift */; };
		2FC80E9529262EFD008FE260 /* TableViewCell.swift in Sources */ = {isa = PBXBuildFile; fileRef = 2FC80E9429262EFD008FE260 /* TableViewCell.swift */; };
/* End PBXBuildFile section */

/* Begin PBXFileReference section */
		2F2B89362927638E00195112 /* SourceDataModel.swift */ = {isa = PBXFileReference; lastKnownFileType = sourcecode.swift; path = SourceDataModel.swift; sourceTree = "<group>"; };
		2F2B89382927643A00195112 /* SourceModel.swift */ = {isa = PBXFileReference; lastKnownFileType = sourcecode.swift; path = SourceModel.swift; sourceTree = "<group>"; };
		2F2B893A292765D700195112 /* SourceViewController.swift */ = {isa = PBXFileReference; lastKnownFileType = sourcecode.swift; path = SourceViewController.swift; sourceTree = "<group>"; };
		2F2B893C2927677F00195112 /* SourceViewCell.swift */ = {isa = PBXFileReference; lastKnownFileType = sourcecode.swift; path = SourceViewCell.swift; sourceTree = "<group>"; };
		2FC80E6829234B0A008FE260 /* NewsApp.app */ = {isa = PBXFileReference; explicitFileType = wrapper.application; includeInIndex = 0; path = NewsApp.app; sourceTree = BUILT_PRODUCTS_DIR; };
		2FC80E6B29234B0A008FE260 /* AppDelegate.swift */ = {isa = PBXFileReference; lastKnownFileType = sourcecode.swift; path = AppDelegate.swift; sourceTree = "<group>"; };
		2FC80E6D29234B0A008FE260 /* SceneDelegate.swift */ = {isa = PBXFileReference; lastKnownFileType = sourcecode.swift; path = SceneDelegate.swift; sourceTree = "<group>"; };
		2FC80E6F29234B0A008FE260 /* HomeScreenView.swift */ = {isa = PBXFileReference; lastKnownFileType = sourcecode.swift; path = HomeScreenView.swift; sourceTree = "<group>"; };
		2FC80E7429234B0B008FE260 /* Assets.xcassets */ = {isa = PBXFileReference; lastKnownFileType = folder.assetcatalog; path = Assets.xcassets; sourceTree = "<group>"; };
		2FC80E7929234B0B008FE260 /* Info.plist */ = {isa = PBXFileReference; lastKnownFileType = text.plist.xml; path = Info.plist; sourceTree = "<group>"; };
		2FC80E82292365B0008FE260 /* hexToRgb.swift */ = {isa = PBXFileReference; lastKnownFileType = sourcecode.swift; path = hexToRgb.swift; sourceTree = "<group>"; };
		2FC80E8429236D82008FE260 /* LocationViewController.swift */ = {isa = PBXFileReference; lastKnownFileType = sourcecode.swift; path = LocationViewController.swift; sourceTree = "<group>"; };
		2FC80E8629236DCF008FE260 /* NewsViewController.swift */ = {isa = PBXFileReference; lastKnownFileType = sourcecode.swift; path = NewsViewController.swift; sourceTree = "<group>"; };
		2FC80E8829236DEB008FE260 /* TabBarController.swift */ = {isa = PBXFileReference; lastKnownFileType = sourcecode.swift; path = TabBarController.swift; sourceTree = "<group>"; };
		2FC80E8A2924DF28008FE260 /* HeadlinesViewController.swift */ = {isa = PBXFileReference; lastKnownFileType = sourcecode.swift; path = HeadlinesViewController.swift; sourceTree = "<group>"; };
		2FC80E8C2924F52E008FE260 /* ArticleModel.swift */ = {isa = PBXFileReference; lastKnownFileType = sourcecode.swift; path = ArticleModel.swift; sourceTree = "<group>"; };
		2FC80E8E2925FD90008FE260 /* NewsDataModel.swift */ = {isa = PBXFileReference; lastKnownFileType = sourcecode.swift; path = NewsDataModel.swift; sourceTree = "<group>"; };
		2FC80E9029261609008FE260 /* HeadlinesDataModel.swift */ = {isa = PBXFileReference; lastKnownFileType = sourcecode.swift; path = HeadlinesDataModel.swift; sourceTree = "<group>"; };
		2FC80E9229261854008FE260 /* Constants.swift */ = {isa = PBXFileReference; lastKnownFileType = sourcecode.swift; path = Constants.swift; sourceTree = "<group>"; };
		2FC80E9429262EFD008FE260 /* TableViewCell.swift */ = {isa = PBXFileReference; lastKnownFileType = sourcecode.swift; path = TableViewCell.swift; sourceTree = "<group>"; };
/* End PBXFileReference section */

/* Begin PBXFrameworksBuildPhase section */
		2FC80E6529234B0A008FE260 /* Frameworks */ = {
			isa = PBXFrameworksBuildPhase;
			buildActionMask = 2147483647;
			files = (
			);
			runOnlyForDeploymentPostprocessing = 0;
		};
/* End PBXFrameworksBuildPhase section */

/* Begin PBXGroup section */
		2F00963B292CF74800EB2028 /* Modules */ = {
			isa = PBXGroup;
			children = (
				2F00963C292CF75900EB2028 /* Home */,
				2F00963D292CF76200EB2028 /* Source */,
				2F00963E292CF77000EB2028 /* News */,
				2F009640292CF7FF00EB2028 /* Location */,
				2F00963F292CF7AA00EB2028 /* Headlines */,
			);
			path = Modules;
			sourceTree = "<group>";
		};
		2F00963C292CF75900EB2028 /* Home */ = {
			isa = PBXGroup;
			children = (
				2FC80E8829236DEB008FE260 /* TabBarController.swift */,
				2FC80E6F29234B0A008FE260 /* HomeScreenView.swift */,
			);
			path = Home;
			sourceTree = "<group>";
		};
		2F00963D292CF76200EB2028 /* Source */ = {
			isa = PBXGroup;
			children = (
				2F2B893C2927677F00195112 /* SourceViewCell.swift */,
				2F2B893A292765D700195112 /* SourceViewController.swift */,
			);
			path = Source;
			sourceTree = "<group>";
		};
		2F00963E292CF77000EB2028 /* News */ = {
			isa = PBXGroup;
			children = (
				2FC80E8629236DCF008FE260 /* NewsViewController.swift */,
			);
			path = News;
			sourceTree = "<group>";
		};
		2F00963F292CF7AA00EB2028 /* Headlines */ = {
			isa = PBXGroup;
			children = (
				2FC80E8A2924DF28008FE260 /* HeadlinesViewController.swift */,
			);
			path = Headlines;
			sourceTree = "<group>";
		};
		2F009640292CF7FF00EB2028 /* Location */ = {
			isa = PBXGroup;
			children = (
				2FC80E8429236D82008FE260 /* LocationViewController.swift */,
			);
			path = Location;
			sourceTree = "<group>";
		};
		2FC80E5F29234B0A008FE260 = {
			isa = PBXGroup;
			children = (
				2FC80E6A29234B0A008FE260 /* news_app */,
				2FC80E6929234B0A008FE260 /* Products */,
			);
			sourceTree = "<group>";
		};
		2FC80E6929234B0A008FE260 /* Products */ = {
			isa = PBXGroup;
			children = (
				2FC80E6829234B0A008FE260 /* NewsApp.app */,
			);
			name = Products;
			sourceTree = "<group>";
		};
		2FC80E6A29234B0A008FE260 /* news_app */ = {
			isa = PBXGroup;
			children = (
				2F00963B292CF74800EB2028 /* Modules */,
				2FC80E8029234B9B008FE260 /* Views */,
				2FC80E7F29234B90008FE260 /* Models */,
				2FC80E7429234B0B008FE260 /* Assets.xcassets */,
				2FC80E6B29234B0A008FE260 /* AppDelegate.swift */,
				2FC80E6D29234B0A008FE260 /* SceneDelegate.swift */,
				2FC80E7929234B0B008FE260 /* Info.plist */,
				2FC80E82292365B0008FE260 /* hexToRgb.swift */,
				2FC80E9229261854008FE260 /* Constants.swift */,
			);
			path = news_app;
			sourceTree = "<group>";
		};
		2FC80E7F29234B90008FE260 /* Models */ = {
			isa = PBXGroup;
			children = (
				2FC80E8E2925FD90008FE260 /* NewsDataModel.swift */,
				2FC80E8C2924F52E008FE260 /* ArticleModel.swift */,
				2F2B89382927643A00195112 /* SourceModel.swift */,
				2FC80E9029261609008FE260 /* HeadlinesDataModel.swift */,
				2F2B89362927638E00195112 /* SourceDataModel.swift */,
			);
			path = Models;
			sourceTree = "<group>";
		};
		2FC80E8029234B9B008FE260 /* Views */ = {
			isa = PBXGroup;
			children = (
				2FC80E9429262EFD008FE260 /* TableViewCell.swift */,
			);
			path = Views;
			sourceTree = "<group>";
		};
/* End PBXGroup section */

/* Begin PBXNativeTarget section */
		2FC80E6729234B0A008FE260 /* NewsApp */ = {
			isa = PBXNativeTarget;
			buildConfigurationList = 2FC80E7C29234B0B008FE260 /* Build configuration list for PBXNativeTarget "NewsApp" */;
			buildPhases = (
				2FC80E6429234B0A008FE260 /* Sources */,
				2FC80E6529234B0A008FE260 /* Frameworks */,
				2FC80E6629234B0A008FE260 /* Resources */,
			);
			buildRules = (
			);
			dependencies = (
			);
			name = NewsApp;
			productName = news_app;
			productReference = 2FC80E6829234B0A008FE260 /* NewsApp.app */;
			productType = "com.apple.product-type.application";
		};
/* End PBXNativeTarget section */

/* Begin PBXProject section */
		2FC80E6029234B0A008FE260 /* Project object */ = {
			isa = PBXProject;
			attributes = {
				BuildIndependentTargetsInParallel = 1;
				LastSwiftUpdateCheck = 1410;
				LastUpgradeCheck = 1410;
				TargetAttributes = {
					2FC80E6729234B0A008FE260 = {
						CreatedOnToolsVersion = 14.1;
					};
				};
			};
			buildConfigurationList = 2FC80E6329234B0A008FE260 /* Build configuration list for PBXProject "NewsApp" */;
			compatibilityVersion = "Xcode 14.0";
			developmentRegion = en;
			hasScannedForEncodings = 0;
			knownRegions = (
				en,
				Base,
			);
			mainGroup = 2FC80E5F29234B0A008FE260;
			productRefGroup = 2FC80E6929234B0A008FE260 /* Products */;
			projectDirPath = "";
			projectRoot = "";
			targets = (
				2FC80E6729234B0A008FE260 /* NewsApp */,
			);
		};
/* End PBXProject section */

/* Begin PBXResourcesBuildPhase section */
		2FC80E6629234B0A008FE260 /* Resources */ = {
			isa = PBXResourcesBuildPhase;
			buildActionMask = 2147483647;
			files = (
				2FC80E7529234B0B008FE260 /* Assets.xcassets in Resources */,
			);
			runOnlyForDeploymentPostprocessing = 0;
		};
/* End PBXResourcesBuildPhase section */

/* Begin PBXSourcesBuildPhase section */
		2FC80E6429234B0A008FE260 /* Sources */ = {
			isa = PBXSourcesBuildPhase;
			buildActionMask = 2147483647;
			files = (
				2FC80E9529262EFD008FE260 /* TableViewCell.swift in Sources */,
				2FC80E8529236D82008FE260 /* LocationViewController.swift in Sources */,
				2FC80E8D2924F52E008FE260 /* ArticleModel.swift in Sources */,
				2FC80E83292365B0008FE260 /* hexToRgb.swift in Sources */,
				2F2B89392927643A00195112 /* SourceModel.swift in Sources */,
				2F2B893D2927677F00195112 /* SourceViewCell.swift in Sources */,
				2F2B893B292765D700195112 /* SourceViewController.swift in Sources */,
				2FC80E7029234B0A008FE260 /* HomeScreenView.swift in Sources */,
				2FC80E8729236DCF008FE260 /* NewsViewController.swift in Sources */,
				2FC80E8B2924DF28008FE260 /* HeadlinesViewController.swift in Sources */,
				2FC80E9129261609008FE260 /* HeadlinesDataModel.swift in Sources */,
				2F2B89372927638E00195112 /* SourceDataModel.swift in Sources */,
				2FC80E8F2925FD90008FE260 /* NewsDataModel.swift in Sources */,
				2FC80E8929236DEB008FE260 /* TabBarController.swift in Sources */,
				2FC80E6C29234B0A008FE260 /* AppDelegate.swift in Sources */,
				2FC80E9329261854008FE260 /* Constants.swift in Sources */,
				2FC80E6E29234B0A008FE260 /* SceneDelegate.swift in Sources */,
			);
			runOnlyForDeploymentPostprocessing = 0;
		};
/* End PBXSourcesBuildPhase section */

/* Begin XCBuildConfiguration section */
		2FC80E7A29234B0B008FE260 /* Debug */ = {
			isa = XCBuildConfiguration;
			buildSettings = {
				ALWAYS_SEARCH_USER_PATHS = NO;
				CLANG_ANALYZER_NONNULL = YES;
				CLANG_ANALYZER_NUMBER_OBJECT_CONVERSION = YES_AGGRESSIVE;
				CLANG_CXX_LANGUAGE_STANDARD = "gnu++20";
				CLANG_ENABLE_MODULES = YES;
				CLANG_ENABLE_OBJC_ARC = YES;
				CLANG_ENABLE_OBJC_WEAK = YES;
				CLANG_WARN_BLOCK_CAPTURE_AUTORELEASING = YES;
				CLANG_WARN_BOOL_CONVERSION = YES;
				CLANG_WARN_COMMA = YES;
				CLANG_WARN_CONSTANT_CONVERSION = YES;
				CLANG_WARN_DEPRECATED_OBJC_IMPLEMENTATIONS = YES;
				CLANG_WARN_DIRECT_OBJC_ISA_USAGE = YES_ERROR;
				CLANG_WARN_DOCUMENTATION_COMMENTS = YES;
				CLANG_WARN_EMPTY_BODY = YES;
				CLANG_WARN_ENUM_CONVERSION = YES;
				CLANG_WARN_INFINITE_RECURSION = YES;
				CLANG_WARN_INT_CONVERSION = YES;
				CLANG_WARN_NON_LITERAL_NULL_CONVERSION = YES;
				CLANG_WARN_OBJC_IMPLICIT_RETAIN_SELF = YES;
				CLANG_WARN_OBJC_LITERAL_CONVERSION = YES;
				CLANG_WARN_OBJC_ROOT_CLASS = YES_ERROR;
				CLANG_WARN_QUOTED_INCLUDE_IN_FRAMEWORK_HEADER = YES;
				CLANG_WARN_RANGE_LOOP_ANALYSIS = YES;
				CLANG_WARN_STRICT_PROTOTYPES = YES;
				CLANG_WARN_SUSPICIOUS_MOVE = YES;
				CLANG_WARN_UNGUARDED_AVAILABILITY = YES_AGGRESSIVE;
				CLANG_WARN_UNREACHABLE_CODE = YES;
				CLANG_WARN__DUPLICATE_METHOD_MATCH = YES;
				COPY_PHASE_STRIP = NO;
				DEBUG_INFORMATION_FORMAT = dwarf;
				ENABLE_STRICT_OBJC_MSGSEND = YES;
				ENABLE_TESTABILITY = YES;
				GCC_C_LANGUAGE_STANDARD = gnu11;
				GCC_DYNAMIC_NO_PIC = NO;
				GCC_NO_COMMON_BLOCKS = YES;
				GCC_OPTIMIZATION_LEVEL = 0;
				GCC_PREPROCESSOR_DEFINITIONS = (
					"DEBUG=1",
					"$(inherited)",
				);
				GCC_WARN_64_TO_32_BIT_CONVERSION = YES;
				GCC_WARN_ABOUT_RETURN_TYPE = YES_ERROR;
				GCC_WARN_UNDECLARED_SELECTOR = YES;
				GCC_WARN_UNINITIALIZED_AUTOS = YES_AGGRESSIVE;
				GCC_WARN_UNUSED_FUNCTION = YES;
				GCC_WARN_UNUSED_VARIABLE = YES;
				IPHONEOS_DEPLOYMENT_TARGET = 16.1;
				MTL_ENABLE_DEBUG_INFO = INCLUDE_SOURCE;
				MTL_FAST_MATH = YES;
				ONLY_ACTIVE_ARCH = YES;
				SDKROOT = iphoneos;
				SWIFT_ACTIVE_COMPILATION_CONDITIONS = DEBUG;
				SWIFT_OPTIMIZATION_LEVEL = "-Onone";
			};
			name = Debug;
		};
		2FC80E7B29234B0B008FE260 /* Release */ = {
			isa = XCBuildConfiguration;
			buildSettings = {
				ALWAYS_SEARCH_USER_PATHS = NO;
				CLANG_ANALYZER_NONNULL = YES;
				CLANG_ANALYZER_NUMBER_OBJECT_CONVERSION = YES_AGGRESSIVE;
				CLANG_CXX_LANGUAGE_STANDARD = "gnu++20";
				CLANG_ENABLE_MODULES = YES;
				CLANG_ENABLE_OBJC_ARC = YES;
				CLANG_ENABLE_OBJC_WEAK = YES;
				CLANG_WARN_BLOCK_CAPTURE_AUTORELEASING = YES;
				CLANG_WARN_BOOL_CONVERSION = YES;
				CLANG_WARN_COMMA = YES;
				CLANG_WARN_CONSTANT_CONVERSION = YES;
				CLANG_WARN_DEPRECATED_OBJC_IMPLEMENTATIONS = YES;
				CLANG_WARN_DIRECT_OBJC_ISA_USAGE = YES_ERROR;
				CLANG_WARN_DOCUMENTATION_COMMENTS = YES;
				CLANG_WARN_EMPTY_BODY = YES;
				CLANG_WARN_ENUM_CONVERSION = YES;
				CLANG_WARN_INFINITE_RECURSION = YES;
				CLANG_WARN_INT_CONVERSION = YES;
				CLANG_WARN_NON_LITERAL_NULL_CONVERSION = YES;
				CLANG_WARN_OBJC_IMPLICIT_RETAIN_SELF = YES;
				CLANG_WARN_OBJC_LITERAL_CONVERSION = YES;
				CLANG_WARN_OBJC_ROOT_CLASS = YES_ERROR;
				CLANG_WARN_QUOTED_INCLUDE_IN_FRAMEWORK_HEADER = YES;
				CLANG_WARN_RANGE_LOOP_ANALYSIS = YES;
				CLANG_WARN_STRICT_PROTOTYPES = YES;
				CLANG_WARN_SUSPICIOUS_MOVE = YES;
				CLANG_WARN_UNGUARDED_AVAILABILITY = YES_AGGRESSIVE;
				CLANG_WARN_UNREACHABLE_CODE = YES;
				CLANG_WARN__DUPLICATE_METHOD_MATCH = YES;
				COPY_PHASE_STRIP = NO;
				DEBUG_INFORMATION_FORMAT = "dwarf-with-dsym";
				ENABLE_NS_ASSERTIONS = NO;
				ENABLE_STRICT_OBJC_MSGSEND = YES;
				GCC_C_LANGUAGE_STANDARD = gnu11;
				GCC_NO_COMMON_BLOCKS = YES;
				GCC_WARN_64_TO_32_BIT_CONVERSION = YES;
				GCC_WARN_ABOUT_RETURN_TYPE = YES_ERROR;
				GCC_WARN_UNDECLARED_SELECTOR = YES;
				GCC_WARN_UNINITIALIZED_AUTOS = YES_AGGRESSIVE;
				GCC_WARN_UNUSED_FUNCTION = YES;
				GCC_WARN_UNUSED_VARIABLE = YES;
				IPHONEOS_DEPLOYMENT_TARGET = 16.1;
				MTL_ENABLE_DEBUG_INFO = NO;
				MTL_FAST_MATH = YES;
				SDKROOT = iphoneos;
				SWIFT_COMPILATION_MODE = wholemodule;
				SWIFT_OPTIMIZATION_LEVEL = "-O";
				VALIDATE_PRODUCT = YES;
			};
			name = Release;
		};
		2FC80E7D29234B0B008FE260 /* Debug */ = {
			isa = XCBuildConfiguration;
			buildSettings = {
				ASSETCATALOG_COMPILER_APPICON_NAME = AppIcon;
				ASSETCATALOG_COMPILER_GLOBAL_ACCENT_COLOR_NAME = AccentColor;
				CODE_SIGN_STYLE = Automatic;
				CURRENT_PROJECT_VERSION = 1;
				GENERATE_INFOPLIST_FILE = YES;
				INFOPLIST_FILE = news_app/Info.plist;
				INFOPLIST_KEY_CFBundleDisplayName = "Get News";
				INFOPLIST_KEY_UIApplicationSupportsIndirectInputEvents = YES;
				INFOPLIST_KEY_UILaunchStoryboardName = LaunchScreen;
				INFOPLIST_KEY_UISupportedInterfaceOrientations_iPad = "UIInterfaceOrientationPortrait UIInterfaceOrientationPortraitUpsideDown UIInterfaceOrientationLandscapeLeft UIInterfaceOrientationLandscapeRight";
				INFOPLIST_KEY_UISupportedInterfaceOrientations_iPhone = "UIInterfaceOrientationPortrait UIInterfaceOrientationLandscapeLeft UIInterfaceOrientationLandscapeRight";
				LD_RUNPATH_SEARCH_PATHS = (
					"$(inherited)",
					"@executable_path/Frameworks",
				);
				MARKETING_VERSION = 1.0;
				PRODUCT_BUNDLE_IDENTIFIER = "com.pranav.news-app";
				PRODUCT_NAME = "$(TARGET_NAME)";
				SWIFT_EMIT_LOC_STRINGS = YES;
				SWIFT_VERSION = 5.0;
				TARGETED_DEVICE_FAMILY = "1,2";
			};
			name = Debug;
		};
		2FC80E7E29234B0B008FE260 /* Release */ = {
			isa = XCBuildConfiguration;
			buildSettings = {
				ASSETCATALOG_COMPILER_APPICON_NAME = AppIcon;
				ASSETCATALOG_COMPILER_GLOBAL_ACCENT_COLOR_NAME = AccentColor;
				CODE_SIGN_STYLE = Automatic;
				CURRENT_PROJECT_VERSION = 1;
				GENERATE_INFOPLIST_FILE = YES;
				INFOPLIST_FILE = news_app/Info.plist;
				INFOPLIST_KEY_CFBundleDisplayName = "Get News";
				INFOPLIST_KEY_UIApplicationSupportsIndirectInputEvents = YES;
				INFOPLIST_KEY_UILaunchStoryboardName = LaunchScreen;
				INFOPLIST_KEY_UISupportedInterfaceOrientations_iPad = "UIInterfaceOrientationPortrait UIInterfaceOrientationPortraitUpsideDown UIInterfaceOrientationLandscapeLeft UIInterfaceOrientationLandscapeRight";
				INFOPLIST_KEY_UISupportedInterfaceOrientations_iPhone = "UIInterfaceOrientationPortrait UIInterfaceOrientationLandscapeLeft UIInterfaceOrientationLandscapeRight";
				LD_RUNPATH_SEARCH_PATHS = (
					"$(inherited)",
					"@executable_path/Frameworks",
				);
				MARKETING_VERSION = 1.0;
				PRODUCT_BUNDLE_IDENTIFIER = "com.pranav.news-app";
				PRODUCT_NAME = "$(TARGET_NAME)";
				SWIFT_EMIT_LOC_STRINGS = YES;
				SWIFT_VERSION = 5.0;
				TARGETED_DEVICE_FAMILY = "1,2";
			};
			name = Release;
		};
/* End XCBuildConfiguration section */

/* Begin XCConfigurationList section */
		2FC80E6329234B0A008FE260 /* Build configuration list for PBXProject "NewsApp" */ = {
			isa = XCConfigurationList;
			buildConfigurations = (
				2FC80E7A29234B0B008FE260 /* Debug */,
				2FC80E7B29234B0B008FE260 /* Release */,
			);
			defaultConfigurationIsVisible = 0;
			defaultConfigurationName = Release;
		};
		2FC80E7C29234B0B008FE260 /* Build configuration list for PBXNativeTarget "NewsApp" */ = {
			isa = XCConfigurationList;
			buildConfigurations = (
				2FC80E7D29234B0B008FE260 /* Debug */,
				2FC80E7E29234B0B008FE260 /* Release */,
			);
			defaultConfigurationIsVisible = 0;
			defaultConfigurationName = Release;
		};
/* End XCConfigurationList section */
	};
	rootObject = 2FC80E6029234B0A008FE260 /* Project object */;
}
